// !$*UTF8*$!
{
	archiveVersion = 1;
	classes = {
	};
	objectVersion = 46;
	objects = {

/* Begin PBXBuildFile section */
		A75B285F1DE7E00A0002E8A6 /* image.png in Resources */ = {isa = PBXBuildFile; fileRef = A75B285E1DE7E00A0002E8A6 /* image.png */; };
		A769595D1DF03CB30077F572 /* image2.png in Resources */ = {isa = PBXBuildFile; fileRef = A76959591DF03CB30077F572 /* image2.png */; };
		A769595E1DF03CB30077F572 /* header_boy.png in Resources */ = {isa = PBXBuildFile; fileRef = A769595A1DF03CB30077F572 /* header_boy.png */; };
		A769595F1DF03CB30077F572 /* girl.png in Resources */ = {isa = PBXBuildFile; fileRef = A769595B1DF03CB30077F572 /* girl.png */; };
		A76959601DF03CB30077F572 /* header_girl.png in Resources */ = {isa = PBXBuildFile; fileRef = A769595C1DF03CB30077F572 /* header_girl.png */; };
		A786018C1DEBC73800FBD482 /* UIAlertView+SYCategory.m in Sources */ = {isa = PBXBuildFile; fileRef = A786018B1DEBC73800FBD482 /* UIAlertView+SYCategory.m */; };
		A786018F1DEBC77C00FBD482 /* UIButton+SYCategory.m in Sources */ = {isa = PBXBuildFile; fileRef = A786018E1DEBC77C00FBD482 /* UIButton+SYCategory.m */; };
		A78601921DEBC7C200FBD482 /* UIActionSheet+SYCategory.m in Sources */ = {isa = PBXBuildFile; fileRef = A78601911DEBC7C200FBD482 /* UIActionSheet+SYCategory.m */; };
		A78601951DEBC82500FBD482 /* UIAlertController+SYCategory.m in Sources */ = {isa = PBXBuildFile; fileRef = A78601941DEBC82500FBD482 /* UIAlertController+SYCategory.m */; };
		A78601981DEBC97E00FBD482 /* UIScrollView+SYCategory.m in Sources */ = {isa = PBXBuildFile; fileRef = A78601971DEBC97E00FBD482 /* UIScrollView+SYCategory.m */; };
		A786019B1DEBD6CB00FBD482 /* UITableView+SYCategory.m in Sources */ = {isa = PBXBuildFile; fileRef = A786019A1DEBD6CB00FBD482 /* UITableView+SYCategory.m */; };
		A786019E1DEBD6FB00FBD482 /* UICollectionView+SYCategory.m in Sources */ = {isa = PBXBuildFile; fileRef = A786019D1DEBD6FB00FBD482 /* UICollectionView+SYCategory.m */; };
		A78601A11DEBD72500FBD482 /* UITableViewCell+SYCategory.m in Sources */ = {isa = PBXBuildFile; fileRef = A78601A01DEBD72500FBD482 /* UITableViewCell+SYCategory.m */; };
		A78601A71DEBD7FC00FBD482 /* UITextField+SYCategory.m in Sources */ = {isa = PBXBuildFile; fileRef = A78601A61DEBD7FC00FBD482 /* UITextField+SYCategory.m */; };
		A78601AA1DEBD86A00FBD482 /* UITextView+SYCategory.m in Sources */ = {isa = PBXBuildFile; fileRef = A78601A91DEBD86A00FBD482 /* UITextView+SYCategory.m */; };
		A78601AD1DEBDCD200FBD482 /* NSAttributedString+SYCategory.m in Sources */ = {isa = PBXBuildFile; fileRef = A78601AC1DEBDCD200FBD482 /* NSAttributedString+SYCategory.m */; };
		A78C0E1F1DED14D800DB84A0 /* UIImagePickerController+SYCategory.m in Sources */ = {isa = PBXBuildFile; fileRef = A78C0E1E1DED14D800DB84A0 /* UIImagePickerController+SYCategory.m */; };
		A78C0E231DED513000DB84A0 /* LabelViewController.m in Sources */ = {isa = PBXBuildFile; fileRef = A78C0E221DED513000DB84A0 /* LabelViewController.m */; };
		A78C0E261DED513C00DB84A0 /* ButtonViewController.m in Sources */ = {isa = PBXBuildFile; fileRef = A78C0E251DED513C00DB84A0 /* ButtonViewController.m */; };
		A78C0E291DED514900DB84A0 /* ImageViewController.m in Sources */ = {isa = PBXBuildFile; fileRef = A78C0E281DED514900DB84A0 /* ImageViewController.m */; };
		A78C0E2C1DED51A500DB84A0 /* ColorViewController.m in Sources */ = {isa = PBXBuildFile; fileRef = A78C0E2B1DED51A500DB84A0 /* ColorViewController.m */; };
		A78C0E311DED51D800DB84A0 /* GestureViewController.m in Sources */ = {isa = PBXBuildFile; fileRef = A78C0E301DED51D800DB84A0 /* GestureViewController.m */; };
		A78C0E341DED51FD00DB84A0 /* AlertSheetViewController.m in Sources */ = {isa = PBXBuildFile; fileRef = A78C0E331DED51FD00DB84A0 /* AlertSheetViewController.m */; };
		A78C0E371DED520F00DB84A0 /* ImagePickerViewController.m in Sources */ = {isa = PBXBuildFile; fileRef = A78C0E361DED520F00DB84A0 /* ImagePickerViewController.m */; };
		A78C0E3A1DED522400DB84A0 /* TextFieldViewController.m in Sources */ = {isa = PBXBuildFile; fileRef = A78C0E391DED522400DB84A0 /* TextFieldViewController.m */; };
		A78C0E3D1DED843800DB84A0 /* UIImageView+SYCategory.m in Sources */ = {isa = PBXBuildFile; fileRef = A78C0E3C1DED843800DB84A0 /* UIImageView+SYCategory.m */; };
		A7B05AE81DE80E69005007DA /* UIView+SYCategory.m in Sources */ = {isa = PBXBuildFile; fileRef = A7B05AE71DE80E69005007DA /* UIView+SYCategory.m */; };
		A7B05AEB1DE8101D005007DA /* NSDictionary+SYCategory.m in Sources */ = {isa = PBXBuildFile; fileRef = A7B05AEA1DE8101D005007DA /* NSDictionary+SYCategory.m */; };
		A7B05AEE1DE8108E005007DA /* NSObject+SYCategory.m in Sources */ = {isa = PBXBuildFile; fileRef = A7B05AED1DE8108E005007DA /* NSObject+SYCategory.m */; };
		A7B05AF11DE815CF005007DA /* NSString+SYJSON.m in Sources */ = {isa = PBXBuildFile; fileRef = A7B05AF01DE815CF005007DA /* NSString+SYJSON.m */; };
		A7B05AF41DE815FF005007DA /* NSTimer+SYCategory.m in Sources */ = {isa = PBXBuildFile; fileRef = A7B05AF31DE815FF005007DA /* NSTimer+SYCategory.m */; };
		A7B05AF71DE81698005007DA /* NSURLConnection+SYCategory.m in Sources */ = {isa = PBXBuildFile; fileRef = A7B05AF61DE81698005007DA /* NSURLConnection+SYCategory.m */; };
		A7B05AFC1DE8175B005007DA /* UIColor+SYCategory.m in Sources */ = {isa = PBXBuildFile; fileRef = A7B05AF91DE8175B005007DA /* UIColor+SYCategory.m */; };
		A7B05AFD1DE8175B005007DA /* UIImage+SYCategory.m in Sources */ = {isa = PBXBuildFile; fileRef = A7B05AFB1DE8175B005007DA /* UIImage+SYCategory.m */; };
		A7B05B001DE81A23005007DA /* NSNotificationCenter+SYCategory.m in Sources */ = {isa = PBXBuildFile; fileRef = A7B05AFF1DE81A23005007DA /* NSNotificationCenter+SYCategory.m */; };
		A7B05B031DE82431005007DA /* NSUserDefaults+SYCategory.m in Sources */ = {isa = PBXBuildFile; fileRef = A7B05B021DE82431005007DA /* NSUserDefaults+SYCategory.m */; };
		A7B05B061DE82A2B005007DA /* UIGestureRecognizer+SYCategory.m in Sources */ = {isa = PBXBuildFile; fileRef = A7B05B051DE82A2B005007DA /* UIGestureRecognizer+SYCategory.m */; };
		A7B05B091DE8468E005007DA /* NSNumber+SYCategory.m in Sources */ = {isa = PBXBuildFile; fileRef = A7B05B081DE8468E005007DA /* NSNumber+SYCategory.m */; };
		A7B05B0C1DE84A93005007DA /* UIViewController+SYCategory.m in Sources */ = {isa = PBXBuildFile; fileRef = A7B05B0B1DE84A93005007DA /* UIViewController+SYCategory.m */; };
		A7B05B0F1DE84B84005007DA /* UINavigationController+SYCategory.m in Sources */ = {isa = PBXBuildFile; fileRef = A7B05B0E1DE84B84005007DA /* UINavigationController+SYCategory.m */; };
		A7D824E51DEC3211006B5633 /* SYNavigationBackImage.png in Resources */ = {isa = PBXBuildFile; fileRef = A7D824E21DEC3211006B5633 /* SYNavigationBackImage.png */; };
		A7D824E61DEC3211006B5633 /* SYNavigationBackImage@2x.png in Resources */ = {isa = PBXBuildFile; fileRef = A7D824E31DEC3211006B5633 /* SYNavigationBackImage@2x.png */; };
		A7D824E71DEC3211006B5633 /* SYNavigationBackImage@3x.png in Resources */ = {isa = PBXBuildFile; fileRef = A7D824E41DEC3211006B5633 /* SYNavigationBackImage@3x.png */; };
		A7EB794F1DF1695E00205153 /* UISlider+SYCategory.m in Sources */ = {isa = PBXBuildFile; fileRef = A7EB794E1DF1695E00205153 /* UISlider+SYCategory.m */; };
		A7EB79521DF1698D00205153 /* UISwitch+SYCategory.m in Sources */ = {isa = PBXBuildFile; fileRef = A7EB79511DF1698D00205153 /* UISwitch+SYCategory.m */; };
		DFA204EB1D1E131C00929257 /* main.m in Sources */ = {isa = PBXBuildFile; fileRef = DFA204EA1D1E131C00929257 /* main.m */; };
		DFA204EE1D1E131C00929257 /* AppDelegate.m in Sources */ = {isa = PBXBuildFile; fileRef = DFA204ED1D1E131C00929257 /* AppDelegate.m */; };
		DFA204F11D1E131C00929257 /* ViewController.m in Sources */ = {isa = PBXBuildFile; fileRef = DFA204F01D1E131C00929257 /* ViewController.m */; };
		DFA204F41D1E131C00929257 /* Main.storyboard in Resources */ = {isa = PBXBuildFile; fileRef = DFA204F21D1E131C00929257 /* Main.storyboard */; };
		DFA204F61D1E131C00929257 /* Assets.xcassets in Resources */ = {isa = PBXBuildFile; fileRef = DFA204F51D1E131C00929257 /* Assets.xcassets */; };
		DFA204F91D1E131C00929257 /* LaunchScreen.storyboard in Resources */ = {isa = PBXBuildFile; fileRef = DFA204F71D1E131C00929257 /* LaunchScreen.storyboard */; };
		DFA205041D1E131C00929257 /* DemoCategoryTests.m in Sources */ = {isa = PBXBuildFile; fileRef = DFA205031D1E131C00929257 /* DemoCategoryTests.m */; };
		DFA2050F1D1E131C00929257 /* DemoCategoryUITests.m in Sources */ = {isa = PBXBuildFile; fileRef = DFA2050E1D1E131C00929257 /* DemoCategoryUITests.m */; };
		DFA205211D1E37C500929257 /* NSFileManager+SYCategory.m in Sources */ = {isa = PBXBuildFile; fileRef = DFA205201D1E37C500929257 /* NSFileManager+SYCategory.m */; };
		DFA205241D1E3CE300929257 /* NSString+SYCategory.m in Sources */ = {isa = PBXBuildFile; fileRef = DFA205231D1E3CE300929257 /* NSString+SYCategory.m */; };
		DFA205271D1E3E4E00929257 /* NSArray+SYCategory.m in Sources */ = {isa = PBXBuildFile; fileRef = DFA205261D1E3E4E00929257 /* NSArray+SYCategory.m */; };
		DFA2052D1D1E47FE00929257 /* NSDate+SYCategory.m in Sources */ = {isa = PBXBuildFile; fileRef = DFA2052C1D1E47FE00929257 /* NSDate+SYCategory.m */; };
		DFA205301D1E543900929257 /* NSString+SYRegular.m in Sources */ = {isa = PBXBuildFile; fileRef = DFA2052F1D1E543900929257 /* NSString+SYRegular.m */; };
		DFA205421D1E71ED00929257 /* UILabel+SYCategory.m in Sources */ = {isa = PBXBuildFile; fileRef = DFA205411D1E71ED00929257 /* UILabel+SYCategory.m */; };
/* End PBXBuildFile section */

/* Begin PBXContainerItemProxy section */
		DFA205001D1E131C00929257 /* PBXContainerItemProxy */ = {
			isa = PBXContainerItemProxy;
			containerPortal = DFA204DE1D1E131C00929257 /* Project object */;
			proxyType = 1;
			remoteGlobalIDString = DFA204E51D1E131C00929257;
			remoteInfo = DemoCategory;
		};
		DFA2050B1D1E131C00929257 /* PBXContainerItemProxy */ = {
			isa = PBXContainerItemProxy;
			containerPortal = DFA204DE1D1E131C00929257 /* Project object */;
			proxyType = 1;
			remoteGlobalIDString = DFA204E51D1E131C00929257;
			remoteInfo = DemoCategory;
		};
/* End PBXContainerItemProxy section */

/* Begin PBXFileReference section */
		A75B285E1DE7E00A0002E8A6 /* image.png */ = {isa = PBXFileReference; lastKnownFileType = image.png; path = image.png; sourceTree = "<group>"; };
		A75B28611DE7E0540002E8A6 /* Common_color.h */ = {isa = PBXFileReference; fileEncoding = 4; lastKnownFileType = sourcecode.c.h; path = Common_color.h; sourceTree = "<group>"; };
		A75B28621DE7E0540002E8A6 /* Common_define.h */ = {isa = PBXFileReference; fileEncoding = 4; lastKnownFileType = sourcecode.c.h; path = Common_define.h; sourceTree = "<group>"; };
		A75B28631DE7E0540002E8A6 /* Common_Device.h */ = {isa = PBXFileReference; fileEncoding = 4; lastKnownFileType = sourcecode.c.h; path = Common_Device.h; sourceTree = "<group>"; };
		A75B28641DE7E0540002E8A6 /* Common_FilePath.h */ = {isa = PBXFileReference; fileEncoding = 4; lastKnownFileType = sourcecode.c.h; path = Common_FilePath.h; sourceTree = "<group>"; };
		A75B28651DE7E0540002E8A6 /* Common_font.h */ = {isa = PBXFileReference; fileEncoding = 4; lastKnownFileType = sourcecode.c.h; path = Common_font.h; sourceTree = "<group>"; };
		A75B28661DE7E0540002E8A6 /* Common_Image.h */ = {isa = PBXFileReference; fileEncoding = 4; lastKnownFileType = sourcecode.c.h; path = Common_Image.h; sourceTree = "<group>"; };
		A75B28671DE7E0540002E8A6 /* Common_limit.h */ = {isa = PBXFileReference; fileEncoding = 4; lastKnownFileType = sourcecode.c.h; path = Common_limit.h; sourceTree = "<group>"; };
		A75B28681DE7E0540002E8A6 /* Common_Markwords.h */ = {isa = PBXFileReference; fileEncoding = 4; lastKnownFileType = sourcecode.c.h; path = Common_Markwords.h; sourceTree = "<group>"; };
		A75B28691DE7E0540002E8A6 /* Common_Symbol.h */ = {isa = PBXFileReference; fileEncoding = 4; lastKnownFileType = sourcecode.c.h; path = Common_Symbol.h; sourceTree = "<group>"; };
		A75B286A1DE7E0540002E8A6 /* Common_time.h */ = {isa = PBXFileReference; fileEncoding = 4; lastKnownFileType = sourcecode.c.h; path = Common_time.h; sourceTree = "<group>"; };
		A76959591DF03CB30077F572 /* image2.png */ = {isa = PBXFileReference; lastKnownFileType = image.png; path = image2.png; sourceTree = "<group>"; };
		A769595A1DF03CB30077F572 /* header_boy.png */ = {isa = PBXFileReference; lastKnownFileType = image.png; path = header_boy.png; sourceTree = "<group>"; };
		A769595B1DF03CB30077F572 /* girl.png */ = {isa = PBXFileReference; lastKnownFileType = image.png; path = girl.png; sourceTree = "<group>"; };
		A769595C1DF03CB30077F572 /* header_girl.png */ = {isa = PBXFileReference; lastKnownFileType = image.png; path = header_girl.png; sourceTree = "<group>"; };
		A786018A1DEBC73800FBD482 /* UIAlertView+SYCategory.h */ = {isa = PBXFileReference; fileEncoding = 4; lastKnownFileType = sourcecode.c.h; path = "UIAlertView+SYCategory.h"; sourceTree = "<group>"; };
		A786018B1DEBC73800FBD482 /* UIAlertView+SYCategory.m */ = {isa = PBXFileReference; fileEncoding = 4; lastKnownFileType = sourcecode.c.objc; path = "UIAlertView+SYCategory.m"; sourceTree = "<group>"; };
		A786018D1DEBC77C00FBD482 /* UIButton+SYCategory.h */ = {isa = PBXFileReference; fileEncoding = 4; lastKnownFileType = sourcecode.c.h; path = "UIButton+SYCategory.h"; sourceTree = "<group>"; };
		A786018E1DEBC77C00FBD482 /* UIButton+SYCategory.m */ = {isa = PBXFileReference; fileEncoding = 4; lastKnownFileType = sourcecode.c.objc; path = "UIButton+SYCategory.m"; sourceTree = "<group>"; };
		A78601901DEBC7C200FBD482 /* UIActionSheet+SYCategory.h */ = {isa = PBXFileReference; fileEncoding = 4; lastKnownFileType = sourcecode.c.h; path = "UIActionSheet+SYCategory.h"; sourceTree = "<group>"; };
		A78601911DEBC7C200FBD482 /* UIActionSheet+SYCategory.m */ = {isa = PBXFileReference; fileEncoding = 4; lastKnownFileType = sourcecode.c.objc; path = "UIActionSheet+SYCategory.m"; sourceTree = "<group>"; };
		A78601931DEBC82500FBD482 /* UIAlertController+SYCategory.h */ = {isa = PBXFileReference; fileEncoding = 4; lastKnownFileType = sourcecode.c.h; path = "UIAlertController+SYCategory.h"; sourceTree = "<group>"; };
		A78601941DEBC82500FBD482 /* UIAlertController+SYCategory.m */ = {isa = PBXFileReference; fileEncoding = 4; lastKnownFileType = sourcecode.c.objc; path = "UIAlertController+SYCategory.m"; sourceTree = "<group>"; };
		A78601961DEBC97E00FBD482 /* UIScrollView+SYCategory.h */ = {isa = PBXFileReference; fileEncoding = 4; lastKnownFileType = sourcecode.c.h; path = "UIScrollView+SYCategory.h"; sourceTree = "<group>"; };
		A78601971DEBC97E00FBD482 /* UIScrollView+SYCategory.m */ = {isa = PBXFileReference; fileEncoding = 4; lastKnownFileType = sourcecode.c.objc; path = "UIScrollView+SYCategory.m"; sourceTree = "<group>"; };
		A78601991DEBD6CB00FBD482 /* UITableView+SYCategory.h */ = {isa = PBXFileReference; fileEncoding = 4; lastKnownFileType = sourcecode.c.h; path = "UITableView+SYCategory.h"; sourceTree = "<group>"; };
		A786019A1DEBD6CB00FBD482 /* UITableView+SYCategory.m */ = {isa = PBXFileReference; fileEncoding = 4; lastKnownFileType = sourcecode.c.objc; path = "UITableView+SYCategory.m"; sourceTree = "<group>"; };
		A786019C1DEBD6FB00FBD482 /* UICollectionView+SYCategory.h */ = {isa = PBXFileReference; fileEncoding = 4; lastKnownFileType = sourcecode.c.h; path = "UICollectionView+SYCategory.h"; sourceTree = "<group>"; };
		A786019D1DEBD6FB00FBD482 /* UICollectionView+SYCategory.m */ = {isa = PBXFileReference; fileEncoding = 4; lastKnownFileType = sourcecode.c.objc; path = "UICollectionView+SYCategory.m"; sourceTree = "<group>"; };
		A786019F1DEBD72500FBD482 /* UITableViewCell+SYCategory.h */ = {isa = PBXFileReference; fileEncoding = 4; lastKnownFileType = sourcecode.c.h; path = "UITableViewCell+SYCategory.h"; sourceTree = "<group>"; };
		A78601A01DEBD72500FBD482 /* UITableViewCell+SYCategory.m */ = {isa = PBXFileReference; fileEncoding = 4; lastKnownFileType = sourcecode.c.objc; path = "UITableViewCell+SYCategory.m"; sourceTree = "<group>"; };
		A78601A51DEBD7FC00FBD482 /* UITextField+SYCategory.h */ = {isa = PBXFileReference; fileEncoding = 4; lastKnownFileType = sourcecode.c.h; path = "UITextField+SYCategory.h"; sourceTree = "<group>"; };
		A78601A61DEBD7FC00FBD482 /* UITextField+SYCategory.m */ = {isa = PBXFileReference; fileEncoding = 4; lastKnownFileType = sourcecode.c.objc; path = "UITextField+SYCategory.m"; sourceTree = "<group>"; };
		A78601A81DEBD86A00FBD482 /* UITextView+SYCategory.h */ = {isa = PBXFileReference; fileEncoding = 4; lastKnownFileType = sourcecode.c.h; path = "UITextView+SYCategory.h"; sourceTree = "<group>"; };
		A78601A91DEBD86A00FBD482 /* UITextView+SYCategory.m */ = {isa = PBXFileReference; fileEncoding = 4; lastKnownFileType = sourcecode.c.objc; path = "UITextView+SYCategory.m"; sourceTree = "<group>"; };
		A78601AB1DEBDCD200FBD482 /* NSAttributedString+SYCategory.h */ = {isa = PBXFileReference; fileEncoding = 4; lastKnownFileType = sourcecode.c.h; path = "NSAttributedString+SYCategory.h"; sourceTree = "<group>"; };
		A78601AC1DEBDCD200FBD482 /* NSAttributedString+SYCategory.m */ = {isa = PBXFileReference; fileEncoding = 4; lastKnownFileType = sourcecode.c.objc; path = "NSAttributedString+SYCategory.m"; sourceTree = "<group>"; };
		A78C0E1D1DED14D800DB84A0 /* UIImagePickerController+SYCategory.h */ = {isa = PBXFileReference; fileEncoding = 4; lastKnownFileType = sourcecode.c.h; path = "UIImagePickerController+SYCategory.h"; sourceTree = "<group>"; };
		A78C0E1E1DED14D800DB84A0 /* UIImagePickerController+SYCategory.m */ = {isa = PBXFileReference; fileEncoding = 4; lastKnownFileType = sourcecode.c.objc; path = "UIImagePickerController+SYCategory.m"; sourceTree = "<group>"; };
		A78C0E201DED2D6600DB84A0 /* PrefixHeader.pch */ = {isa = PBXFileReference; fileEncoding = 4; lastKnownFileType = sourcecode.c.h; path = PrefixHeader.pch; sourceTree = "<group>"; };
		A78C0E211DED513000DB84A0 /* LabelViewController.h */ = {isa = PBXFileReference; fileEncoding = 4; lastKnownFileType = sourcecode.c.h; path = LabelViewController.h; sourceTree = "<group>"; };
		A78C0E221DED513000DB84A0 /* LabelViewController.m */ = {isa = PBXFileReference; fileEncoding = 4; lastKnownFileType = sourcecode.c.objc; path = LabelViewController.m; sourceTree = "<group>"; };
		A78C0E241DED513C00DB84A0 /* ButtonViewController.h */ = {isa = PBXFileReference; fileEncoding = 4; lastKnownFileType = sourcecode.c.h; path = ButtonViewController.h; sourceTree = "<group>"; };
		A78C0E251DED513C00DB84A0 /* ButtonViewController.m */ = {isa = PBXFileReference; fileEncoding = 4; lastKnownFileType = sourcecode.c.objc; path = ButtonViewController.m; sourceTree = "<group>"; };
		A78C0E271DED514900DB84A0 /* ImageViewController.h */ = {isa = PBXFileReference; fileEncoding = 4; lastKnownFileType = sourcecode.c.h; path = ImageViewController.h; sourceTree = "<group>"; };
		A78C0E281DED514900DB84A0 /* ImageViewController.m */ = {isa = PBXFileReference; fileEncoding = 4; lastKnownFileType = sourcecode.c.objc; path = ImageViewController.m; sourceTree = "<group>"; };
		A78C0E2A1DED51A500DB84A0 /* ColorViewController.h */ = {isa = PBXFileReference; fileEncoding = 4; lastKnownFileType = sourcecode.c.h; path = ColorViewController.h; sourceTree = "<group>"; };
		A78C0E2B1DED51A500DB84A0 /* ColorViewController.m */ = {isa = PBXFileReference; fileEncoding = 4; lastKnownFileType = sourcecode.c.objc; path = ColorViewController.m; sourceTree = "<group>"; };
		A78C0E2F1DED51D800DB84A0 /* GestureViewController.h */ = {isa = PBXFileReference; fileEncoding = 4; lastKnownFileType = sourcecode.c.h; path = GestureViewController.h; sourceTree = "<group>"; };
		A78C0E301DED51D800DB84A0 /* GestureViewController.m */ = {isa = PBXFileReference; fileEncoding = 4; lastKnownFileType = sourcecode.c.objc; path = GestureViewController.m; sourceTree = "<group>"; };
		A78C0E321DED51FD00DB84A0 /* AlertSheetViewController.h */ = {isa = PBXFileReference; fileEncoding = 4; lastKnownFileType = sourcecode.c.h; path = AlertSheetViewController.h; sourceTree = "<group>"; };
		A78C0E331DED51FD00DB84A0 /* AlertSheetViewController.m */ = {isa = PBXFileReference; fileEncoding = 4; lastKnownFileType = sourcecode.c.objc; path = AlertSheetViewController.m; sourceTree = "<group>"; };
		A78C0E351DED520F00DB84A0 /* ImagePickerViewController.h */ = {isa = PBXFileReference; fileEncoding = 4; lastKnownFileType = sourcecode.c.h; path = ImagePickerViewController.h; sourceTree = "<group>"; };
		A78C0E361DED520F00DB84A0 /* ImagePickerViewController.m */ = {isa = PBXFileReference; fileEncoding = 4; lastKnownFileType = sourcecode.c.objc; path = ImagePickerViewController.m; sourceTree = "<group>"; };
		A78C0E381DED522400DB84A0 /* TextFieldViewController.h */ = {isa = PBXFileReference; fileEncoding = 4; lastKnownFileType = sourcecode.c.h; path = TextFieldViewController.h; sourceTree = "<group>"; };
		A78C0E391DED522400DB84A0 /* TextFieldViewController.m */ = {isa = PBXFileReference; fileEncoding = 4; lastKnownFileType = sourcecode.c.objc; path = TextFieldViewController.m; sourceTree = "<group>"; };
		A78C0E3B1DED843800DB84A0 /* UIImageView+SYCategory.h */ = {isa = PBXFileReference; fileEncoding = 4; lastKnownFileType = sourcecode.c.h; path = "UIImageView+SYCategory.h"; sourceTree = "<group>"; };
		A78C0E3C1DED843800DB84A0 /* UIImageView+SYCategory.m */ = {isa = PBXFileReference; fileEncoding = 4; lastKnownFileType = sourcecode.c.objc; path = "UIImageView+SYCategory.m"; sourceTree = "<group>"; };
		A7B05AE61DE80E69005007DA /* UIView+SYCategory.h */ = {isa = PBXFileReference; fileEncoding = 4; lastKnownFileType = sourcecode.c.h; path = "UIView+SYCategory.h"; sourceTree = "<group>"; };
		A7B05AE71DE80E69005007DA /* UIView+SYCategory.m */ = {isa = PBXFileReference; fileEncoding = 4; lastKnownFileType = sourcecode.c.objc; path = "UIView+SYCategory.m"; sourceTree = "<group>"; };
		A7B05AE91DE8101D005007DA /* NSDictionary+SYCategory.h */ = {isa = PBXFileReference; fileEncoding = 4; lastKnownFileType = sourcecode.c.h; path = "NSDictionary+SYCategory.h"; sourceTree = "<group>"; };
		A7B05AEA1DE8101D005007DA /* NSDictionary+SYCategory.m */ = {isa = PBXFileReference; fileEncoding = 4; lastKnownFileType = sourcecode.c.objc; path = "NSDictionary+SYCategory.m"; sourceTree = "<group>"; };
		A7B05AEC1DE8108E005007DA /* NSObject+SYCategory.h */ = {isa = PBXFileReference; fileEncoding = 4; lastKnownFileType = sourcecode.c.h; path = "NSObject+SYCategory.h"; sourceTree = "<group>"; };
		A7B05AED1DE8108E005007DA /* NSObject+SYCategory.m */ = {isa = PBXFileReference; fileEncoding = 4; lastKnownFileType = sourcecode.c.objc; path = "NSObject+SYCategory.m"; sourceTree = "<group>"; };
		A7B05AEF1DE815CF005007DA /* NSString+SYJSON.h */ = {isa = PBXFileReference; fileEncoding = 4; lastKnownFileType = sourcecode.c.h; path = "NSString+SYJSON.h"; sourceTree = "<group>"; };
		A7B05AF01DE815CF005007DA /* NSString+SYJSON.m */ = {isa = PBXFileReference; fileEncoding = 4; lastKnownFileType = sourcecode.c.objc; path = "NSString+SYJSON.m"; sourceTree = "<group>"; };
		A7B05AF21DE815FF005007DA /* NSTimer+SYCategory.h */ = {isa = PBXFileReference; fileEncoding = 4; lastKnownFileType = sourcecode.c.h; path = "NSTimer+SYCategory.h"; sourceTree = "<group>"; };
		A7B05AF31DE815FF005007DA /* NSTimer+SYCategory.m */ = {isa = PBXFileReference; fileEncoding = 4; lastKnownFileType = sourcecode.c.objc; path = "NSTimer+SYCategory.m"; sourceTree = "<group>"; };
		A7B05AF51DE81698005007DA /* NSURLConnection+SYCategory.h */ = {isa = PBXFileReference; fileEncoding = 4; lastKnownFileType = sourcecode.c.h; path = "NSURLConnection+SYCategory.h"; sourceTree = "<group>"; };
		A7B05AF61DE81698005007DA /* NSURLConnection+SYCategory.m */ = {isa = PBXFileReference; fileEncoding = 4; lastKnownFileType = sourcecode.c.objc; path = "NSURLConnection+SYCategory.m"; sourceTree = "<group>"; };
		A7B05AF81DE8175B005007DA /* UIColor+SYCategory.h */ = {isa = PBXFileReference; fileEncoding = 4; lastKnownFileType = sourcecode.c.h; path = "UIColor+SYCategory.h"; sourceTree = "<group>"; };
		A7B05AF91DE8175B005007DA /* UIColor+SYCategory.m */ = {isa = PBXFileReference; fileEncoding = 4; lastKnownFileType = sourcecode.c.objc; path = "UIColor+SYCategory.m"; sourceTree = "<group>"; };
		A7B05AFA1DE8175B005007DA /* UIImage+SYCategory.h */ = {isa = PBXFileReference; fileEncoding = 4; lastKnownFileType = sourcecode.c.h; path = "UIImage+SYCategory.h"; sourceTree = "<group>"; };
		A7B05AFB1DE8175B005007DA /* UIImage+SYCategory.m */ = {isa = PBXFileReference; fileEncoding = 4; lastKnownFileType = sourcecode.c.objc; path = "UIImage+SYCategory.m"; sourceTree = "<group>"; };
		A7B05AFE1DE81A23005007DA /* NSNotificationCenter+SYCategory.h */ = {isa = PBXFileReference; fileEncoding = 4; lastKnownFileType = sourcecode.c.h; path = "NSNotificationCenter+SYCategory.h"; sourceTree = "<group>"; };
		A7B05AFF1DE81A23005007DA /* NSNotificationCenter+SYCategory.m */ = {isa = PBXFileReference; fileEncoding = 4; lastKnownFileType = sourcecode.c.objc; path = "NSNotificationCenter+SYCategory.m"; sourceTree = "<group>"; };
		A7B05B011DE82431005007DA /* NSUserDefaults+SYCategory.h */ = {isa = PBXFileReference; fileEncoding = 4; lastKnownFileType = sourcecode.c.h; path = "NSUserDefaults+SYCategory.h"; sourceTree = "<group>"; };
		A7B05B021DE82431005007DA /* NSUserDefaults+SYCategory.m */ = {isa = PBXFileReference; fileEncoding = 4; lastKnownFileType = sourcecode.c.objc; path = "NSUserDefaults+SYCategory.m"; sourceTree = "<group>"; };
		A7B05B041DE82A2B005007DA /* UIGestureRecognizer+SYCategory.h */ = {isa = PBXFileReference; fileEncoding = 4; lastKnownFileType = sourcecode.c.h; path = "UIGestureRecognizer+SYCategory.h"; sourceTree = "<group>"; };
		A7B05B051DE82A2B005007DA /* UIGestureRecognizer+SYCategory.m */ = {isa = PBXFileReference; fileEncoding = 4; lastKnownFileType = sourcecode.c.objc; path = "UIGestureRecognizer+SYCategory.m"; sourceTree = "<group>"; };
		A7B05B071DE8468E005007DA /* NSNumber+SYCategory.h */ = {isa = PBXFileReference; fileEncoding = 4; lastKnownFileType = sourcecode.c.h; path = "NSNumber+SYCategory.h"; sourceTree = "<group>"; };
		A7B05B081DE8468E005007DA /* NSNumber+SYCategory.m */ = {isa = PBXFileReference; fileEncoding = 4; lastKnownFileType = sourcecode.c.objc; path = "NSNumber+SYCategory.m"; sourceTree = "<group>"; };
		A7B05B0A1DE84A93005007DA /* UIViewController+SYCategory.h */ = {isa = PBXFileReference; fileEncoding = 4; lastKnownFileType = sourcecode.c.h; path = "UIViewController+SYCategory.h"; sourceTree = "<group>"; };
		A7B05B0B1DE84A93005007DA /* UIViewController+SYCategory.m */ = {isa = PBXFileReference; fileEncoding = 4; lastKnownFileType = sourcecode.c.objc; path = "UIViewController+SYCategory.m"; sourceTree = "<group>"; };
		A7B05B0D1DE84B84005007DA /* UINavigationController+SYCategory.h */ = {isa = PBXFileReference; fileEncoding = 4; lastKnownFileType = sourcecode.c.h; path = "UINavigationController+SYCategory.h"; sourceTree = "<group>"; };
		A7B05B0E1DE84B84005007DA /* UINavigationController+SYCategory.m */ = {isa = PBXFileReference; fileEncoding = 4; lastKnownFileType = sourcecode.c.objc; path = "UINavigationController+SYCategory.m"; sourceTree = "<group>"; };
		A7D824E21DEC3211006B5633 /* SYNavigationBackImage.png */ = {isa = PBXFileReference; lastKnownFileType = image.png; path = SYNavigationBackImage.png; sourceTree = "<group>"; };
		A7D824E31DEC3211006B5633 /* SYNavigationBackImage@2x.png */ = {isa = PBXFileReference; lastKnownFileType = image.png; path = "SYNavigationBackImage@2x.png"; sourceTree = "<group>"; };
		A7D824E41DEC3211006B5633 /* SYNavigationBackImage@3x.png */ = {isa = PBXFileReference; lastKnownFileType = image.png; path = "SYNavigationBackImage@3x.png"; sourceTree = "<group>"; };
		A7EB794D1DF1695E00205153 /* UISlider+SYCategory.h */ = {isa = PBXFileReference; fileEncoding = 4; lastKnownFileType = sourcecode.c.h; path = "UISlider+SYCategory.h"; sourceTree = "<group>"; };
		A7EB794E1DF1695E00205153 /* UISlider+SYCategory.m */ = {isa = PBXFileReference; fileEncoding = 4; lastKnownFileType = sourcecode.c.objc; path = "UISlider+SYCategory.m"; sourceTree = "<group>"; };
		A7EB79501DF1698D00205153 /* UISwitch+SYCategory.h */ = {isa = PBXFileReference; fileEncoding = 4; lastKnownFileType = sourcecode.c.h; path = "UISwitch+SYCategory.h"; sourceTree = "<group>"; };
		A7EB79511DF1698D00205153 /* UISwitch+SYCategory.m */ = {isa = PBXFileReference; fileEncoding = 4; lastKnownFileType = sourcecode.c.objc; path = "UISwitch+SYCategory.m"; sourceTree = "<group>"; };
		DFA204E61D1E131C00929257 /* DemoCategory.app */ = {isa = PBXFileReference; explicitFileType = wrapper.application; includeInIndex = 0; path = DemoCategory.app; sourceTree = BUILT_PRODUCTS_DIR; };
		DFA204EA1D1E131C00929257 /* main.m */ = {isa = PBXFileReference; lastKnownFileType = sourcecode.c.objc; path = main.m; sourceTree = "<group>"; };
		DFA204EC1D1E131C00929257 /* AppDelegate.h */ = {isa = PBXFileReference; lastKnownFileType = sourcecode.c.h; path = AppDelegate.h; sourceTree = "<group>"; };
		DFA204ED1D1E131C00929257 /* AppDelegate.m */ = {isa = PBXFileReference; lastKnownFileType = sourcecode.c.objc; path = AppDelegate.m; sourceTree = "<group>"; };
		DFA204EF1D1E131C00929257 /* ViewController.h */ = {isa = PBXFileReference; lastKnownFileType = sourcecode.c.h; path = ViewController.h; sourceTree = "<group>"; };
		DFA204F01D1E131C00929257 /* ViewController.m */ = {isa = PBXFileReference; lastKnownFileType = sourcecode.c.objc; path = ViewController.m; sourceTree = "<group>"; };
		DFA204F31D1E131C00929257 /* Base */ = {isa = PBXFileReference; lastKnownFileType = file.storyboard; name = Base; path = Base.lproj/Main.storyboard; sourceTree = "<group>"; };
		DFA204F51D1E131C00929257 /* Assets.xcassets */ = {isa = PBXFileReference; lastKnownFileType = folder.assetcatalog; path = Assets.xcassets; sourceTree = "<group>"; };
		DFA204F81D1E131C00929257 /* Base */ = {isa = PBXFileReference; lastKnownFileType = file.storyboard; name = Base; path = Base.lproj/LaunchScreen.storyboard; sourceTree = "<group>"; };
		DFA204FA1D1E131C00929257 /* Info.plist */ = {isa = PBXFileReference; lastKnownFileType = text.plist.xml; path = Info.plist; sourceTree = "<group>"; };
		DFA204FF1D1E131C00929257 /* DemoCategoryTests.xctest */ = {isa = PBXFileReference; explicitFileType = wrapper.cfbundle; includeInIndex = 0; path = DemoCategoryTests.xctest; sourceTree = BUILT_PRODUCTS_DIR; };
		DFA205031D1E131C00929257 /* DemoCategoryTests.m */ = {isa = PBXFileReference; lastKnownFileType = sourcecode.c.objc; path = DemoCategoryTests.m; sourceTree = "<group>"; };
		DFA205051D1E131C00929257 /* Info.plist */ = {isa = PBXFileReference; lastKnownFileType = text.plist.xml; path = Info.plist; sourceTree = "<group>"; };
		DFA2050A1D1E131C00929257 /* DemoCategoryUITests.xctest */ = {isa = PBXFileReference; explicitFileType = wrapper.cfbundle; includeInIndex = 0; path = DemoCategoryUITests.xctest; sourceTree = BUILT_PRODUCTS_DIR; };
		DFA2050E1D1E131C00929257 /* DemoCategoryUITests.m */ = {isa = PBXFileReference; lastKnownFileType = sourcecode.c.objc; path = DemoCategoryUITests.m; sourceTree = "<group>"; };
		DFA205101D1E131C00929257 /* Info.plist */ = {isa = PBXFileReference; lastKnownFileType = text.plist.xml; path = Info.plist; sourceTree = "<group>"; };
		DFA2051F1D1E37C500929257 /* NSFileManager+SYCategory.h */ = {isa = PBXFileReference; fileEncoding = 4; lastKnownFileType = sourcecode.c.h; path = "NSFileManager+SYCategory.h"; sourceTree = "<group>"; };
		DFA205201D1E37C500929257 /* NSFileManager+SYCategory.m */ = {isa = PBXFileReference; fileEncoding = 4; lastKnownFileType = sourcecode.c.objc; path = "NSFileManager+SYCategory.m"; sourceTree = "<group>"; };
		DFA205221D1E3CE200929257 /* NSString+SYCategory.h */ = {isa = PBXFileReference; fileEncoding = 4; lastKnownFileType = sourcecode.c.h; path = "NSString+SYCategory.h"; sourceTree = "<group>"; };
		DFA205231D1E3CE300929257 /* NSString+SYCategory.m */ = {isa = PBXFileReference; fileEncoding = 4; lastKnownFileType = sourcecode.c.objc; path = "NSString+SYCategory.m"; sourceTree = "<group>"; };
		DFA205251D1E3E4E00929257 /* NSArray+SYCategory.h */ = {isa = PBXFileReference; fileEncoding = 4; lastKnownFileType = sourcecode.c.h; path = "NSArray+SYCategory.h"; sourceTree = "<group>"; };
		DFA205261D1E3E4E00929257 /* NSArray+SYCategory.m */ = {isa = PBXFileReference; fileEncoding = 4; lastKnownFileType = sourcecode.c.objc; path = "NSArray+SYCategory.m"; sourceTree = "<group>"; };
		DFA205281D1E3F1700929257 /* SYCategory.h */ = {isa = PBXFileReference; fileEncoding = 4; lastKnownFileType = sourcecode.c.h; path = SYCategory.h; sourceTree = "<group>"; };
		DFA205291D1E3F2B00929257 /* SYCategoryFoundation.h */ = {isa = PBXFileReference; fileEncoding = 4; lastKnownFileType = sourcecode.c.h; path = SYCategoryFoundation.h; sourceTree = "<group>"; };
		DFA2052A1D1E3F3700929257 /* SYCategoryUIKit.h */ = {isa = PBXFileReference; fileEncoding = 4; lastKnownFileType = sourcecode.c.h; path = SYCategoryUIKit.h; sourceTree = "<group>"; };
		DFA2052B1D1E47FE00929257 /* NSDate+SYCategory.h */ = {isa = PBXFileReference; fileEncoding = 4; lastKnownFileType = sourcecode.c.h; path = "NSDate+SYCategory.h"; sourceTree = "<group>"; };
		DFA2052C1D1E47FE00929257 /* NSDate+SYCategory.m */ = {isa = PBXFileReference; fileEncoding = 4; lastKnownFileType = sourcecode.c.objc; path = "NSDate+SYCategory.m"; sourceTree = "<group>"; };
		DFA2052E1D1E543900929257 /* NSString+SYRegular.h */ = {isa = PBXFileReference; fileEncoding = 4; lastKnownFileType = sourcecode.c.h; path = "NSString+SYRegular.h"; sourceTree = "<group>"; };
		DFA2052F1D1E543900929257 /* NSString+SYRegular.m */ = {isa = PBXFileReference; fileEncoding = 4; lastKnownFileType = sourcecode.c.objc; path = "NSString+SYRegular.m"; sourceTree = "<group>"; };
		DFA205401D1E71ED00929257 /* UILabel+SYCategory.h */ = {isa = PBXFileReference; fileEncoding = 4; lastKnownFileType = sourcecode.c.h; path = "UILabel+SYCategory.h"; sourceTree = "<group>"; };
		DFA205411D1E71ED00929257 /* UILabel+SYCategory.m */ = {isa = PBXFileReference; fileEncoding = 4; lastKnownFileType = sourcecode.c.objc; path = "UILabel+SYCategory.m"; sourceTree = "<group>"; };
/* End PBXFileReference section */

/* Begin PBXFrameworksBuildPhase section */
		DFA204E31D1E131C00929257 /* Frameworks */ = {
			isa = PBXFrameworksBuildPhase;
			buildActionMask = 2147483647;
			files = (
			);
			runOnlyForDeploymentPostprocessing = 0;
		};
		DFA204FC1D1E131C00929257 /* Frameworks */ = {
			isa = PBXFrameworksBuildPhase;
			buildActionMask = 2147483647;
			files = (
			);
			runOnlyForDeploymentPostprocessing = 0;
		};
		DFA205071D1E131C00929257 /* Frameworks */ = {
			isa = PBXFrameworksBuildPhase;
			buildActionMask = 2147483647;
			files = (
			);
			runOnlyForDeploymentPostprocessing = 0;
		};
/* End PBXFrameworksBuildPhase section */

/* Begin PBXGroup section */
		A75B28601DE7E0540002E8A6 /* SYCommons */ = {
			isa = PBXGroup;
			children = (
				A75B28611DE7E0540002E8A6 /* Common_color.h */,
				A75B28621DE7E0540002E8A6 /* Common_define.h */,
				A75B28631DE7E0540002E8A6 /* Common_Device.h */,
				A75B28641DE7E0540002E8A6 /* Common_FilePath.h */,
				A75B28651DE7E0540002E8A6 /* Common_font.h */,
				A75B28661DE7E0540002E8A6 /* Common_Image.h */,
				A75B28671DE7E0540002E8A6 /* Common_limit.h */,
				A75B28681DE7E0540002E8A6 /* Common_Markwords.h */,
				A75B28691DE7E0540002E8A6 /* Common_Symbol.h */,
				A75B286A1DE7E0540002E8A6 /* Common_time.h */,
			);
			path = SYCommons;
			sourceTree = "<group>";
		};
		A78C0E2D1DED51AA00DB84A0 /* Kit */ = {
			isa = PBXGroup;
			children = (
				A78C0E211DED513000DB84A0 /* LabelViewController.h */,
				A78C0E221DED513000DB84A0 /* LabelViewController.m */,
				A78C0E241DED513C00DB84A0 /* ButtonViewController.h */,
				A78C0E251DED513C00DB84A0 /* ButtonViewController.m */,
				A78C0E271DED514900DB84A0 /* ImageViewController.h */,
				A78C0E281DED514900DB84A0 /* ImageViewController.m */,
				A78C0E2A1DED51A500DB84A0 /* ColorViewController.h */,
				A78C0E2B1DED51A500DB84A0 /* ColorViewController.m */,
				A78C0E2F1DED51D800DB84A0 /* GestureViewController.h */,
				A78C0E301DED51D800DB84A0 /* GestureViewController.m */,
				A78C0E321DED51FD00DB84A0 /* AlertSheetViewController.h */,
				A78C0E331DED51FD00DB84A0 /* AlertSheetViewController.m */,
				A78C0E351DED520F00DB84A0 /* ImagePickerViewController.h */,
				A78C0E361DED520F00DB84A0 /* ImagePickerViewController.m */,
				A78C0E381DED522400DB84A0 /* TextFieldViewController.h */,
				A78C0E391DED522400DB84A0 /* TextFieldViewController.m */,
			);
			name = Kit;
			sourceTree = "<group>";
		};
		A78C0E2E1DED51BA00DB84A0 /* Foundation */ = {
			isa = PBXGroup;
			children = (
			);
			name = Foundation;
			sourceTree = "<group>";
		};
		A7D824E11DEC3211006B5633 /* SYResources */ = {
			isa = PBXGroup;
			children = (
				A7D824E21DEC3211006B5633 /* SYNavigationBackImage.png */,
				A7D824E31DEC3211006B5633 /* SYNavigationBackImage@2x.png */,
				A7D824E41DEC3211006B5633 /* SYNavigationBackImage@3x.png */,
			);
			path = SYResources;
			sourceTree = "<group>";
		};
		DFA204DD1D1E131C00929257 = {
			isa = PBXGroup;
			children = (
				DFA204E81D1E131C00929257 /* DemoCategory */,
				DFA205021D1E131C00929257 /* DemoCategoryTests */,
				DFA2050D1D1E131C00929257 /* DemoCategoryUITests */,
				DFA204E71D1E131C00929257 /* Products */,
			);
			sourceTree = "<group>";
		};
		DFA204E71D1E131C00929257 /* Products */ = {
			isa = PBXGroup;
			children = (
				DFA204E61D1E131C00929257 /* DemoCategory.app */,
				DFA204FF1D1E131C00929257 /* DemoCategoryTests.xctest */,
				DFA2050A1D1E131C00929257 /* DemoCategoryUITests.xctest */,
			);
			name = Products;
			sourceTree = "<group>";
		};
		DFA204E81D1E131C00929257 /* DemoCategory */ = {
			isa = PBXGroup;
			children = (
				DFA204EC1D1E131C00929257 /* AppDelegate.h */,
				DFA204ED1D1E131C00929257 /* AppDelegate.m */,
				DFA204EF1D1E131C00929257 /* ViewController.h */,
				DFA204F01D1E131C00929257 /* ViewController.m */,
				A76959591DF03CB30077F572 /* image2.png */,
				A769595A1DF03CB30077F572 /* header_boy.png */,
				A769595B1DF03CB30077F572 /* girl.png */,
				A769595C1DF03CB30077F572 /* header_girl.png */,
				A75B285E1DE7E00A0002E8A6 /* image.png */,
				A78C0E2E1DED51BA00DB84A0 /* Foundation */,
				A78C0E2D1DED51AA00DB84A0 /* Kit */,
				DFA2051C1D1E371B00929257 /* SYCategory */,
				DFA204F21D1E131C00929257 /* Main.storyboard */,
				DFA204F51D1E131C00929257 /* Assets.xcassets */,
				DFA204F71D1E131C00929257 /* LaunchScreen.storyboard */,
				DFA204FA1D1E131C00929257 /* Info.plist */,
				A78C0E201DED2D6600DB84A0 /* PrefixHeader.pch */,
				DFA204E91D1E131C00929257 /* Supporting Files */,
			);
			path = DemoCategory;
			sourceTree = "<group>";
		};
		DFA204E91D1E131C00929257 /* Supporting Files */ = {
			isa = PBXGroup;
			children = (
				DFA204EA1D1E131C00929257 /* main.m */,
			);
			name = "Supporting Files";
			sourceTree = "<group>";
		};
		DFA205021D1E131C00929257 /* DemoCategoryTests */ = {
			isa = PBXGroup;
			children = (
				DFA205031D1E131C00929257 /* DemoCategoryTests.m */,
				DFA205051D1E131C00929257 /* Info.plist */,
			);
			path = DemoCategoryTests;
			sourceTree = "<group>";
		};
		DFA2050D1D1E131C00929257 /* DemoCategoryUITests */ = {
			isa = PBXGroup;
			children = (
				DFA2050E1D1E131C00929257 /* DemoCategoryUITests.m */,
				DFA205101D1E131C00929257 /* Info.plist */,
			);
			path = DemoCategoryUITests;
			sourceTree = "<group>";
		};
		DFA2051C1D1E371B00929257 /* SYCategory */ = {
			isa = PBXGroup;
			children = (
				A7D824E11DEC3211006B5633 /* SYResources */,
				A75B28601DE7E0540002E8A6 /* SYCommons */,
				DFA2051D1D1E377400929257 /* SYCategoryUIKit */,
				DFA2051E1D1E377400929257 /* SYCategoryFoundation */,
				DFA205281D1E3F1700929257 /* SYCategory.h */,
				DFA205291D1E3F2B00929257 /* SYCategoryFoundation.h */,
				DFA2052A1D1E3F3700929257 /* SYCategoryUIKit.h */,
			);
			path = SYCategory;
			sourceTree = "<group>";
		};
		DFA2051D1D1E377400929257 /* SYCategoryUIKit */ = {
			isa = PBXGroup;
			children = (
				DFA205401D1E71ED00929257 /* UILabel+SYCategory.h */,
				DFA205411D1E71ED00929257 /* UILabel+SYCategory.m */,
				A7B05AE61DE80E69005007DA /* UIView+SYCategory.h */,
				A7B05AE71DE80E69005007DA /* UIView+SYCategory.m */,
				A786018D1DEBC77C00FBD482 /* UIButton+SYCategory.h */,
				A786018E1DEBC77C00FBD482 /* UIButton+SYCategory.m */,
				A7EB794D1DF1695E00205153 /* UISlider+SYCategory.h */,
				A7EB794E1DF1695E00205153 /* UISlider+SYCategory.m */,
				A7EB79501DF1698D00205153 /* UISwitch+SYCategory.h */,
				A7EB79511DF1698D00205153 /* UISwitch+SYCategory.m */,
				A7B05AF81DE8175B005007DA /* UIColor+SYCategory.h */,
				A7B05AF91DE8175B005007DA /* UIColor+SYCategory.m */,
				A7B05AFA1DE8175B005007DA /* UIImage+SYCategory.h */,
				A7B05AFB1DE8175B005007DA /* UIImage+SYCategory.m */,
				A78C0E3B1DED843800DB84A0 /* UIImageView+SYCategory.h */,
				A78C0E3C1DED843800DB84A0 /* UIImageView+SYCategory.m */,
				A7B05B041DE82A2B005007DA /* UIGestureRecognizer+SYCategory.h */,
				A7B05B051DE82A2B005007DA /* UIGestureRecognizer+SYCategory.m */,
				A7B05B0A1DE84A93005007DA /* UIViewController+SYCategory.h */,
				A7B05B0B1DE84A93005007DA /* UIViewController+SYCategory.m */,
				A7B05B0D1DE84B84005007DA /* UINavigationController+SYCategory.h */,
				A7B05B0E1DE84B84005007DA /* UINavigationController+SYCategory.m */,
				A786018A1DEBC73800FBD482 /* UIAlertView+SYCategory.h */,
				A786018B1DEBC73800FBD482 /* UIAlertView+SYCategory.m */,
				A78601901DEBC7C200FBD482 /* UIActionSheet+SYCategory.h */,
				A78601911DEBC7C200FBD482 /* UIActionSheet+SYCategory.m */,
				A78601931DEBC82500FBD482 /* UIAlertController+SYCategory.h */,
				A78601941DEBC82500FBD482 /* UIAlertController+SYCategory.m */,
				A78601961DEBC97E00FBD482 /* UIScrollView+SYCategory.h */,
				A78601971DEBC97E00FBD482 /* UIScrollView+SYCategory.m */,
				A78601991DEBD6CB00FBD482 /* UITableView+SYCategory.h */,
				A786019A1DEBD6CB00FBD482 /* UITableView+SYCategory.m */,
				A786019F1DEBD72500FBD482 /* UITableViewCell+SYCategory.h */,
				A78601A01DEBD72500FBD482 /* UITableViewCell+SYCategory.m */,
				A786019C1DEBD6FB00FBD482 /* UICollectionView+SYCategory.h */,
				A786019D1DEBD6FB00FBD482 /* UICollectionView+SYCategory.m */,
				A78601A51DEBD7FC00FBD482 /* UITextField+SYCategory.h */,
				A78601A61DEBD7FC00FBD482 /* UITextField+SYCategory.m */,
				A78601A81DEBD86A00FBD482 /* UITextView+SYCategory.h */,
				A78601A91DEBD86A00FBD482 /* UITextView+SYCategory.m */,
				A78C0E1D1DED14D800DB84A0 /* UIImagePickerController+SYCategory.h */,
				A78C0E1E1DED14D800DB84A0 /* UIImagePickerController+SYCategory.m */,
			);
			path = SYCategoryUIKit;
			sourceTree = "<group>";
		};
		DFA2051E1D1E377400929257 /* SYCategoryFoundation */ = {
			isa = PBXGroup;
			children = (
				DFA2051F1D1E37C500929257 /* NSFileManager+SYCategory.h */,
				DFA205201D1E37C500929257 /* NSFileManager+SYCategory.m */,
				DFA205221D1E3CE200929257 /* NSString+SYCategory.h */,
				DFA205231D1E3CE300929257 /* NSString+SYCategory.m */,
				DFA2052E1D1E543900929257 /* NSString+SYRegular.h */,
				DFA2052F1D1E543900929257 /* NSString+SYRegular.m */,
				A7B05AEF1DE815CF005007DA /* NSString+SYJSON.h */,
				A7B05AF01DE815CF005007DA /* NSString+SYJSON.m */,
				A78601AB1DEBDCD200FBD482 /* NSAttributedString+SYCategory.h */,
				A78601AC1DEBDCD200FBD482 /* NSAttributedString+SYCategory.m */,
				A7B05B071DE8468E005007DA /* NSNumber+SYCategory.h */,
				A7B05B081DE8468E005007DA /* NSNumber+SYCategory.m */,
				A7B05AEC1DE8108E005007DA /* NSObject+SYCategory.h */,
				A7B05AED1DE8108E005007DA /* NSObject+SYCategory.m */,
				DFA205251D1E3E4E00929257 /* NSArray+SYCategory.h */,
				DFA205261D1E3E4E00929257 /* NSArray+SYCategory.m */,
				A7B05AE91DE8101D005007DA /* NSDictionary+SYCategory.h */,
				A7B05AEA1DE8101D005007DA /* NSDictionary+SYCategory.m */,
				A7B05AF21DE815FF005007DA /* NSTimer+SYCategory.h */,
				A7B05AF31DE815FF005007DA /* NSTimer+SYCategory.m */,
				A7B05AF51DE81698005007DA /* NSURLConnection+SYCategory.h */,
				A7B05AF61DE81698005007DA /* NSURLConnection+SYCategory.m */,
				DFA2052B1D1E47FE00929257 /* NSDate+SYCategory.h */,
				DFA2052C1D1E47FE00929257 /* NSDate+SYCategory.m */,
				A7B05AFE1DE81A23005007DA /* NSNotificationCenter+SYCategory.h */,
				A7B05AFF1DE81A23005007DA /* NSNotificationCenter+SYCategory.m */,
				A7B05B011DE82431005007DA /* NSUserDefaults+SYCategory.h */,
				A7B05B021DE82431005007DA /* NSUserDefaults+SYCategory.m */,
			);
			path = SYCategoryFoundation;
			sourceTree = "<group>";
		};
/* End PBXGroup section */

/* Begin PBXNativeTarget section */
		DFA204E51D1E131C00929257 /* DemoCategory */ = {
			isa = PBXNativeTarget;
			buildConfigurationList = DFA205131D1E131C00929257 /* Build configuration list for PBXNativeTarget "DemoCategory" */;
			buildPhases = (
				DFA204E21D1E131C00929257 /* Sources */,
				DFA204E31D1E131C00929257 /* Frameworks */,
				DFA204E41D1E131C00929257 /* Resources */,
			);
			buildRules = (
			);
			dependencies = (
			);
			name = DemoCategory;
			productName = DemoCategory;
			productReference = DFA204E61D1E131C00929257 /* DemoCategory.app */;
			productType = "com.apple.product-type.application";
		};
		DFA204FE1D1E131C00929257 /* DemoCategoryTests */ = {
			isa = PBXNativeTarget;
			buildConfigurationList = DFA205161D1E131C00929257 /* Build configuration list for PBXNativeTarget "DemoCategoryTests" */;
			buildPhases = (
				DFA204FB1D1E131C00929257 /* Sources */,
				DFA204FC1D1E131C00929257 /* Frameworks */,
				DFA204FD1D1E131C00929257 /* Resources */,
			);
			buildRules = (
			);
			dependencies = (
				DFA205011D1E131C00929257 /* PBXTargetDependency */,
			);
			name = DemoCategoryTests;
			productName = DemoCategoryTests;
			productReference = DFA204FF1D1E131C00929257 /* DemoCategoryTests.xctest */;
			productType = "com.apple.product-type.bundle.unit-test";
		};
		DFA205091D1E131C00929257 /* DemoCategoryUITests */ = {
			isa = PBXNativeTarget;
			buildConfigurationList = DFA205191D1E131C00929257 /* Build configuration list for PBXNativeTarget "DemoCategoryUITests" */;
			buildPhases = (
				DFA205061D1E131C00929257 /* Sources */,
				DFA205071D1E131C00929257 /* Frameworks */,
				DFA205081D1E131C00929257 /* Resources */,
			);
			buildRules = (
			);
			dependencies = (
				DFA2050C1D1E131C00929257 /* PBXTargetDependency */,
			);
			name = DemoCategoryUITests;
			productName = DemoCategoryUITests;
			productReference = DFA2050A1D1E131C00929257 /* DemoCategoryUITests.xctest */;
			productType = "com.apple.product-type.bundle.ui-testing";
		};
/* End PBXNativeTarget section */

/* Begin PBXProject section */
		DFA204DE1D1E131C00929257 /* Project object */ = {
			isa = PBXProject;
			attributes = {
				LastUpgradeCheck = 0720;
				ORGANIZATIONNAME = zhangshaoyu;
				TargetAttributes = {
					DFA204E51D1E131C00929257 = {
						CreatedOnToolsVersion = 7.2.1;
						DevelopmentTeam = 5JH8ZFBFJD;
					};
					DFA204FE1D1E131C00929257 = {
						CreatedOnToolsVersion = 7.2.1;
						DevelopmentTeam = 5JH8ZFBFJD;
						TestTargetID = DFA204E51D1E131C00929257;
					};
					DFA205091D1E131C00929257 = {
						CreatedOnToolsVersion = 7.2.1;
						DevelopmentTeam = 5JH8ZFBFJD;
						TestTargetID = DFA204E51D1E131C00929257;
					};
				};
			};
			buildConfigurationList = DFA204E11D1E131C00929257 /* Build configuration list for PBXProject "DemoCategory" */;
			compatibilityVersion = "Xcode 3.2";
			developmentRegion = English;
			hasScannedForEncodings = 0;
			knownRegions = (
				en,
				Base,
			);
			mainGroup = DFA204DD1D1E131C00929257;
			productRefGroup = DFA204E71D1E131C00929257 /* Products */;
			projectDirPath = "";
			projectRoot = "";
			targets = (
				DFA204E51D1E131C00929257 /* DemoCategory */,
				DFA204FE1D1E131C00929257 /* DemoCategoryTests */,
				DFA205091D1E131C00929257 /* DemoCategoryUITests */,
			);
		};
/* End PBXProject section */

/* Begin PBXResourcesBuildPhase section */
		DFA204E41D1E131C00929257 /* Resources */ = {
			isa = PBXResourcesBuildPhase;
			buildActionMask = 2147483647;
			files = (
				A769595D1DF03CB30077F572 /* image2.png in Resources */,
				A7D824E71DEC3211006B5633 /* SYNavigationBackImage@3x.png in Resources */,
				DFA204F91D1E131C00929257 /* LaunchScreen.storyboard in Resources */,
				DFA204F61D1E131C00929257 /* Assets.xcassets in Resources */,
				A76959601DF03CB30077F572 /* header_girl.png in Resources */,
				DFA204F41D1E131C00929257 /* Main.storyboard in Resources */,
				A769595E1DF03CB30077F572 /* header_boy.png in Resources */,
				A769595F1DF03CB30077F572 /* girl.png in Resources */,
				A75B285F1DE7E00A0002E8A6 /* image.png in Resources */,
				A7D824E51DEC3211006B5633 /* SYNavigationBackImage.png in Resources */,
				A7D824E61DEC3211006B5633 /* SYNavigationBackImage@2x.png in Resources */,
			);
			runOnlyForDeploymentPostprocessing = 0;
		};
		DFA204FD1D1E131C00929257 /* Resources */ = {
			isa = PBXResourcesBuildPhase;
			buildActionMask = 2147483647;
			files = (
			);
			runOnlyForDeploymentPostprocessing = 0;
		};
		DFA205081D1E131C00929257 /* Resources */ = {
			isa = PBXResourcesBuildPhase;
			buildActionMask = 2147483647;
			files = (
			);
			runOnlyForDeploymentPostprocessing = 0;
		};
/* End PBXResourcesBuildPhase section */

/* Begin PBXSourcesBuildPhase section */
		DFA204E21D1E131C00929257 /* Sources */ = {
			isa = PBXSourcesBuildPhase;
			buildActionMask = 2147483647;
			files = (
				A78C0E3D1DED843800DB84A0 /* UIImageView+SYCategory.m in Sources */,
				A7B05B0F1DE84B84005007DA /* UINavigationController+SYCategory.m in Sources */,
				DFA205301D1E543900929257 /* NSString+SYRegular.m in Sources */,
				A78C0E3A1DED522400DB84A0 /* TextFieldViewController.m in Sources */,
				A7B05AFD1DE8175B005007DA /* UIImage+SYCategory.m in Sources */,
				A7B05B001DE81A23005007DA /* NSNotificationCenter+SYCategory.m in Sources */,
				A7B05AEB1DE8101D005007DA /* NSDictionary+SYCategory.m in Sources */,
				A78601981DEBC97E00FBD482 /* UIScrollView+SYCategory.m in Sources */,
				A78601951DEBC82500FBD482 /* UIAlertController+SYCategory.m in Sources */,
				A7B05B091DE8468E005007DA /* NSNumber+SYCategory.m in Sources */,
				A78C0E291DED514900DB84A0 /* ImageViewController.m in Sources */,
				A78C0E1F1DED14D800DB84A0 /* UIImagePickerController+SYCategory.m in Sources */,
				DFA2052D1D1E47FE00929257 /* NSDate+SYCategory.m in Sources */,
				A78601921DEBC7C200FBD482 /* UIActionSheet+SYCategory.m in Sources */,
				A7B05AE81DE80E69005007DA /* UIView+SYCategory.m in Sources */,
				A7B05B061DE82A2B005007DA /* UIGestureRecognizer+SYCategory.m in Sources */,
				A7B05AF71DE81698005007DA /* NSURLConnection+SYCategory.m in Sources */,
				DFA205271D1E3E4E00929257 /* NSArray+SYCategory.m in Sources */,
				A78601A11DEBD72500FBD482 /* UITableViewCell+SYCategory.m in Sources */,
				A78601A71DEBD7FC00FBD482 /* UITextField+SYCategory.m in Sources */,
				A78C0E261DED513C00DB84A0 /* ButtonViewController.m in Sources */,
				A786019E1DEBD6FB00FBD482 /* UICollectionView+SYCategory.m in Sources */,
				A786018F1DEBC77C00FBD482 /* UIButton+SYCategory.m in Sources */,
				A7B05AF41DE815FF005007DA /* NSTimer+SYCategory.m in Sources */,
				DFA205241D1E3CE300929257 /* NSString+SYCategory.m in Sources */,
				A78C0E2C1DED51A500DB84A0 /* ColorViewController.m in Sources */,
				A78C0E311DED51D800DB84A0 /* GestureViewController.m in Sources */,
				DFA204F11D1E131C00929257 /* ViewController.m in Sources */,
				A786019B1DEBD6CB00FBD482 /* UITableView+SYCategory.m in Sources */,
				A78601AA1DEBD86A00FBD482 /* UITextView+SYCategory.m in Sources */,
				DFA204EE1D1E131C00929257 /* AppDelegate.m in Sources */,
				A7B05B0C1DE84A93005007DA /* UIViewController+SYCategory.m in Sources */,
				A78601AD1DEBDCD200FBD482 /* NSAttributedString+SYCategory.m in Sources */,
				A7B05AF11DE815CF005007DA /* NSString+SYJSON.m in Sources */,
				A7EB794F1DF1695E00205153 /* UISlider+SYCategory.m in Sources */,
				A786018C1DEBC73800FBD482 /* UIAlertView+SYCategory.m in Sources */,
				A7B05AEE1DE8108E005007DA /* NSObject+SYCategory.m in Sources */,
				DFA205211D1E37C500929257 /* NSFileManager+SYCategory.m in Sources */,
				DFA204EB1D1E131C00929257 /* main.m in Sources */,
				DFA205421D1E71ED00929257 /* UILabel+SYCategory.m in Sources */,
				A78C0E341DED51FD00DB84A0 /* AlertSheetViewController.m in Sources */,
				A7EB79521DF1698D00205153 /* UISwitch+SYCategory.m in Sources */,
				A7B05AFC1DE8175B005007DA /* UIColor+SYCategory.m in Sources */,
				A7B05B031DE82431005007DA /* NSUserDefaults+SYCategory.m in Sources */,
				A78C0E371DED520F00DB84A0 /* ImagePickerViewController.m in Sources */,
				A78C0E231DED513000DB84A0 /* LabelViewController.m in Sources */,
			);
			runOnlyForDeploymentPostprocessing = 0;
		};
		DFA204FB1D1E131C00929257 /* Sources */ = {
			isa = PBXSourcesBuildPhase;
			buildActionMask = 2147483647;
			files = (
				DFA205041D1E131C00929257 /* DemoCategoryTests.m in Sources */,
			);
			runOnlyForDeploymentPostprocessing = 0;
		};
		DFA205061D1E131C00929257 /* Sources */ = {
			isa = PBXSourcesBuildPhase;
			buildActionMask = 2147483647;
			files = (
				DFA2050F1D1E131C00929257 /* DemoCategoryUITests.m in Sources */,
			);
			runOnlyForDeploymentPostprocessing = 0;
		};
/* End PBXSourcesBuildPhase section */

/* Begin PBXTargetDependency section */
		DFA205011D1E131C00929257 /* PBXTargetDependency */ = {
			isa = PBXTargetDependency;
			target = DFA204E51D1E131C00929257 /* DemoCategory */;
			targetProxy = DFA205001D1E131C00929257 /* PBXContainerItemProxy */;
		};
		DFA2050C1D1E131C00929257 /* PBXTargetDependency */ = {
			isa = PBXTargetDependency;
			target = DFA204E51D1E131C00929257 /* DemoCategory */;
			targetProxy = DFA2050B1D1E131C00929257 /* PBXContainerItemProxy */;
		};
/* End PBXTargetDependency section */

/* Begin PBXVariantGroup section */
		DFA204F21D1E131C00929257 /* Main.storyboard */ = {
			isa = PBXVariantGroup;
			children = (
				DFA204F31D1E131C00929257 /* Base */,
			);
			name = Main.storyboard;
			sourceTree = "<group>";
		};
		DFA204F71D1E131C00929257 /* LaunchScreen.storyboard */ = {
			isa = PBXVariantGroup;
			children = (
				DFA204F81D1E131C00929257 /* Base */,
			);
			name = LaunchScreen.storyboard;
			sourceTree = "<group>";
		};
/* End PBXVariantGroup section */

/* Begin XCBuildConfiguration section */
		DFA205111D1E131C00929257 /* Debug */ = {
			isa = XCBuildConfiguration;
			buildSettings = {
				ALWAYS_SEARCH_USER_PATHS = NO;
				CLANG_CXX_LANGUAGE_STANDARD = "gnu++0x";
				CLANG_CXX_LIBRARY = "libc++";
				CLANG_ENABLE_MODULES = YES;
				CLANG_ENABLE_OBJC_ARC = YES;
				CLANG_WARN_BOOL_CONVERSION = YES;
				CLANG_WARN_CONSTANT_CONVERSION = YES;
				CLANG_WARN_DIRECT_OBJC_ISA_USAGE = YES_ERROR;
				CLANG_WARN_EMPTY_BODY = YES;
				CLANG_WARN_ENUM_CONVERSION = YES;
				CLANG_WARN_INT_CONVERSION = YES;
				CLANG_WARN_OBJC_ROOT_CLASS = YES_ERROR;
				CLANG_WARN_UNREACHABLE_CODE = YES;
				CLANG_WARN__DUPLICATE_METHOD_MATCH = YES;
				"CODE_SIGN_IDENTITY[sdk=iphoneos*]" = "iPhone Developer";
				COPY_PHASE_STRIP = NO;
				DEBUG_INFORMATION_FORMAT = dwarf;
				ENABLE_STRICT_OBJC_MSGSEND = YES;
				ENABLE_TESTABILITY = YES;
				GCC_C_LANGUAGE_STANDARD = gnu99;
				GCC_DYNAMIC_NO_PIC = NO;
				GCC_NO_COMMON_BLOCKS = YES;
				GCC_OPTIMIZATION_LEVEL = 0;
				GCC_PREPROCESSOR_DEFINITIONS = (
					"DEBUG=1",
					"$(inherited)",
				);
				GCC_WARN_64_TO_32_BIT_CONVERSION = YES;
				GCC_WARN_ABOUT_RETURN_TYPE = YES_ERROR;
				GCC_WARN_UNDECLARED_SELECTOR = YES;
				GCC_WARN_UNINITIALIZED_AUTOS = YES_AGGRESSIVE;
				GCC_WARN_UNUSED_FUNCTION = YES;
				GCC_WARN_UNUSED_VARIABLE = YES;
				IPHONEOS_DEPLOYMENT_TARGET = 8.0;
				MTL_ENABLE_DEBUG_INFO = YES;
				ONLY_ACTIVE_ARCH = YES;
				SDKROOT = iphoneos;
			};
			name = Debug;
		};
		DFA205121D1E131C00929257 /* Release */ = {
			isa = XCBuildConfiguration;
			buildSettings = {
				ALWAYS_SEARCH_USER_PATHS = NO;
				CLANG_CXX_LANGUAGE_STANDARD = "gnu++0x";
				CLANG_CXX_LIBRARY = "libc++";
				CLANG_ENABLE_MODULES = YES;
				CLANG_ENABLE_OBJC_ARC = YES;
				CLANG_WARN_BOOL_CONVERSION = YES;
				CLANG_WARN_CONSTANT_CONVERSION = YES;
				CLANG_WARN_DIRECT_OBJC_ISA_USAGE = YES_ERROR;
				CLANG_WARN_EMPTY_BODY = YES;
				CLANG_WARN_ENUM_CONVERSION = YES;
				CLANG_WARN_INT_CONVERSION = YES;
				CLANG_WARN_OBJC_ROOT_CLASS = YES_ERROR;
				CLANG_WARN_UNREACHABLE_CODE = YES;
				CLANG_WARN__DUPLICATE_METHOD_MATCH = YES;
				"CODE_SIGN_IDENTITY[sdk=iphoneos*]" = "iPhone Developer";
				COPY_PHASE_STRIP = NO;
				DEBUG_INFORMATION_FORMAT = "dwarf-with-dsym";
				ENABLE_NS_ASSERTIONS = NO;
				ENABLE_STRICT_OBJC_MSGSEND = YES;
				GCC_C_LANGUAGE_STANDARD = gnu99;
				GCC_NO_COMMON_BLOCKS = YES;
				GCC_WARN_64_TO_32_BIT_CONVERSION = YES;
				GCC_WARN_ABOUT_RETURN_TYPE = YES_ERROR;
				GCC_WARN_UNDECLARED_SELECTOR = YES;
				GCC_WARN_UNINITIALIZED_AUTOS = YES_AGGRESSIVE;
				GCC_WARN_UNUSED_FUNCTION = YES;
				GCC_WARN_UNUSED_VARIABLE = YES;
				IPHONEOS_DEPLOYMENT_TARGET = 8.0;
				MTL_ENABLE_DEBUG_INFO = NO;
				SDKROOT = iphoneos;
				VALIDATE_PRODUCT = YES;
			};
			name = Release;
		};
		DFA205141D1E131C00929257 /* Debug */ = {
			isa = XCBuildConfiguration;
			buildSettings = {
				ASSETCATALOG_COMPILER_APPICON_NAME = AppIcon;
				CODE_SIGN_IDENTITY = "iPhone Developer";
				GCC_PRECOMPILE_PREFIX_HEADER = YES;
				GCC_PREFIX_HEADER = "$(PROJECT_DIR)/DemoCategory/PrefixHeader.pch";
				INFOPLIST_FILE = DemoCategory/Info.plist;
				IPHONEOS_DEPLOYMENT_TARGET = 8.0;
				LD_RUNPATH_SEARCH_PATHS = "$(inherited) @executable_path/Frameworks";
				PRODUCT_BUNDLE_IDENTIFIER = com.zhangshaoyu.DemoCategory;
				PRODUCT_NAME = "$(TARGET_NAME)";
			};
			name = Debug;
		};
		DFA205151D1E131C00929257 /* Release */ = {
			isa = XCBuildConfiguration;
			buildSettings = {
				ASSETCATALOG_COMPILER_APPICON_NAME = AppIcon;
				CODE_SIGN_IDENTITY = "iPhone Developer";
				GCC_PRECOMPILE_PREFIX_HEADER = YES;
				GCC_PREFIX_HEADER = "$(PROJECT_DIR)/DemoCategory/PrefixHeader.pch";
				INFOPLIST_FILE = DemoCategory/Info.plist;
				IPHONEOS_DEPLOYMENT_TARGET = 8.0;
				LD_RUNPATH_SEARCH_PATHS = "$(inherited) @executable_path/Frameworks";
				PRODUCT_BUNDLE_IDENTIFIER = com.zhangshaoyu.DemoCategory;
				PRODUCT_NAME = "$(TARGET_NAME)";
			};
			name = Release;
		};
		DFA205171D1E131C00929257 /* Debug */ = {
			isa = XCBuildConfiguration;
			buildSettings = {
				BUNDLE_LOADER = "$(TEST_HOST)";
				INFOPLIST_FILE = DemoCategoryTests/Info.plist;
				LD_RUNPATH_SEARCH_PATHS = "$(inherited) @executable_path/Frameworks @loader_path/Frameworks";
				PRODUCT_BUNDLE_IDENTIFIER = com.zhangshaoyu.DemoCategoryTests;
				PRODUCT_NAME = "$(TARGET_NAME)";
				TEST_HOST = "$(BUILT_PRODUCTS_DIR)/DemoCategory.app/DemoCategory";
			};
			name = Debug;
		};
		DFA205181D1E131C00929257 /* Release */ = {
			isa = XCBuildConfiguration;
			buildSettings = {
				BUNDLE_LOADER = "$(TEST_HOST)";
				INFOPLIST_FILE = DemoCategoryTests/Info.plist;
				LD_RUNPATH_SEARCH_PATHS = "$(inherited) @executable_path/Frameworks @loader_path/Frameworks";
				PRODUCT_BUNDLE_IDENTIFIER = com.zhangshaoyu.DemoCategoryTests;
				PRODUCT_NAME = "$(TARGET_NAME)";
				TEST_HOST = "$(BUILT_PRODUCTS_DIR)/DemoCategory.app/DemoCategory";
			};
			name = Release;
		};
		DFA2051A1D1E131C00929257 /* Debug */ = {
			isa = XCBuildConfiguration;
			buildSettings = {
				INFOPLIST_FILE = DemoCategoryUITests/Info.plist;
				LD_RUNPATH_SEARCH_PATHS = "$(inherited) @executable_path/Frameworks @loader_path/Frameworks";
				PRODUCT_BUNDLE_IDENTIFIER = com.zhangshaoyu.DemoCategoryUITests;
				PRODUCT_NAME = "$(TARGET_NAME)";
				TEST_TARGET_NAME = DemoCategory;
				USES_XCTRUNNER = YES;
			};
			name = Debug;
		};
		DFA2051B1D1E131C00929257 /* Release */ = {
			isa = XCBuildConfiguration;
			buildSettings = {
				INFOPLIST_FILE = DemoCategoryUITests/Info.plist;
				LD_RUNPATH_SEARCH_PATHS = "$(inherited) @executable_path/Frameworks @loader_path/Frameworks";
				PRODUCT_BUNDLE_IDENTIFIER = com.zhangshaoyu.DemoCategoryUITests;
				PRODUCT_NAME = "$(TARGET_NAME)";
				TEST_TARGET_NAME = DemoCategory;
				USES_XCTRUNNER = YES;
			};
			name = Release;
		};
/* End XCBuildConfiguration section */

/* Begin XCConfigurationList section */
		DFA204E11D1E131C00929257 /* Build configuration list for PBXProject "DemoCategory" */ = {
			isa = XCConfigurationList;
			buildConfigurations = (
				DFA205111D1E131C00929257 /* Debug */,
				DFA205121D1E131C00929257 /* Release */,
			);
			defaultConfigurationIsVisible = 0;
			defaultConfigurationName = Release;
		};
		DFA205131D1E131C00929257 /* Build configuration list for PBXNativeTarget "DemoCategory" */ = {
			isa = XCConfigurationList;
			buildConfigurations = (
				DFA205141D1E131C00929257 /* Debug */,
				DFA205151D1E131C00929257 /* Release */,
			);
			defaultConfigurationIsVisible = 0;
			defaultConfigurationName = Release;
		};
		DFA205161D1E131C00929257 /* Build configuration list for PBXNativeTarget "DemoCategoryTests" */ = {
			isa = XCConfigurationList;
			buildConfigurations = (
				DFA205171D1E131C00929257 /* Debug */,
				DFA205181D1E131C00929257 /* Release */,
			);
			defaultConfigurationIsVisible = 0;
			defaultConfigurationName = Release;
		};
		DFA205191D1E131C00929257 /* Build configuration list for PBXNativeTarget "DemoCategoryUITests" */ = {
			isa = XCConfigurationList;
			buildConfigurations = (
				DFA2051A1D1E131C00929257 /* Debug */,
				DFA2051B1D1E131C00929257 /* Release */,
			);
			defaultConfigurationIsVisible = 0;
			defaultConfigurationName = Release;
		};
/* End XCConfigurationList section */
	};
	rootObject = DFA204DE1D1E131C00929257 /* Project object */;
}
